
Microsoft Visual Studio Solution File, Format Version 12.00
# Visual Studio Version 16
VisualStudioVersion = 16.0.31112.23
MinimumVisualStudioVersion = 10.0.40219.1
Project("{FAE04EC0-301F-11D3-BF4B-00C04F79EFBC}") = "WebApplication3", "WebApplication3\WebApplication3.csproj", "{0D8FD6A9-6E31-453F-B8B8-E8A56E3E3766}"
EndProject
Global
	GlobalSection(SolutionConfigurationPlatforms) = preSolution
		Debug|Any CPU = Debug|Any CPU
		Release|Any CPU = Release|Any CPU
	EndGlobalSection
	GlobalSection(ProjectConfigurationPlatforms) = postSolution
		{0D8FD6A9-6E31-453F-B8B8-E8A56E3E3766}.Debug|Any CPU.ActiveCfg = Debug|Any CPU
		{0D8FD6A9-6E31-453F-B8B8-E8A56E3E3766}.Debug|Any CPU.Build.0 = Debug|Any CPU
		{0D8FD6A9-6E31-453F-B8B8-E8A56E3E3766}.Release|Any CPU.ActiveCfg = Release|Any CPU
		{0D8FD6A9-6E31-453F-B8B8-E8A56E3E3766}.Release|Any CPU.Build.0 = Release|Any CPU
	EndGlobalSection
	GlobalSection(SolutionProperties) = preSolution
		HideSolutionNode = FALSE
	EndGlobalSection
	GlobalSection(ExtensibilityGlobals) = postSolution
		SolutionGuid = {B9B3BD24-C9B4-4453-AF7D-CB78CBF649A5}
	EndGlobalSection
EndGlobal
